
Microsoft Visual Studio Solution File, Format Version 12.00
# Visual Studio 15
VisualStudioVersion = 15.0.28010.2041
MinimumVisualStudioVersion = 10.0.40219.1
Project("{FAE04EC0-301F-11D3-BF4B-00C04F79EFBC}") = "LC3Simulator", "LC3Simulator\LC3Simulator.csproj", "{F316EB7D-A094-4006-853B-7D2EBAD41E63}"
EndProject
Global
	GlobalSection(SolutionConfigurationPlatforms) = preSolution
		Debug|Any CPU = Debug|Any CPU
		Release|Any CPU = Release|Any CPU
	EndGlobalSection
	GlobalSection(ProjectConfigurationPlatforms) = postSolution
		{F316EB7D-A094-4006-853B-7D2EBAD41E63}.Debug|Any CPU.ActiveCfg = Debug|Any CPU
		{F316EB7D-A094-4006-853B-7D2EBAD41E63}.Debug|Any CPU.Build.0 = Debug|Any CPU
		{F316EB7D-A094-4006-853B-7D2EBAD41E63}.Release|Any CPU.ActiveCfg = Release|Any CPU
		{F316EB7D-A094-4006-853B-7D2EBAD41E63}.Release|Any CPU.Build.0 = Release|Any CPU
	EndGlobalSection
	GlobalSection(SolutionProperties) = preSolution
		HideSolutionNode = FALSE
	EndGlobalSection
	GlobalSection(ExtensibilityGlobals) = postSolution
		SolutionGuid = {522B2226-9FD7-4417-9F54-A68F64713B9D}
	EndGlobalSection
EndGlobal
